
Microsoft Visual Studio Solution File, Format Version 12.00
# Visual Studio Version 17
VisualStudioVersion = 17.13.35828.75 d17.13
MinimumVisualStudioVersion = 10.0.40219.1
Project("{FAE04EC0-301F-11D3-BF4B-00C04F79EFBC}") = "mvc-estudiantes", "mvc-estudiantes.csproj", "{B85605E8-86CB-43E3-91F8-C25F4E63A151}"
EndProject
Global
	GlobalSection(SolutionConfigurationPlatforms) = preSolution
		Debug|Any CPU = Debug|Any CPU
		Release|Any CPU = Release|Any CPU
	EndGlobalSection
	GlobalSection(ProjectConfigurationPlatforms) = postSolution
		{B85605E8-86CB-43E3-91F8-C25F4E63A151}.Debug|Any CPU.ActiveCfg = Debug|Any CPU
		{B85605E8-86CB-43E3-91F8-C25F4E63A151}.Debug|Any CPU.Build.0 = Debug|Any CPU
		{B85605E8-86CB-43E3-91F8-C25F4E63A151}.Release|Any CPU.ActiveCfg = Release|Any CPU
		{B85605E8-86CB-43E3-91F8-C25F4E63A151}.Release|Any CPU.Build.0 = Release|Any CPU
	EndGlobalSection
	GlobalSection(SolutionProperties) = preSolution
		HideSolutionNode = FALSE
	EndGlobalSection
	GlobalSection(ExtensibilityGlobals) = postSolution
		SolutionGuid = {E1905537-ABAF-42E7-86D8-4CEC1FE02E1C}
	EndGlobalSection
EndGlobal
